
Microsoft Visual Studio Solution File, Format Version 12.00
# Visual Studio Version 17
VisualStudioVersion = 17.1.32421.90
MinimumVisualStudioVersion = 10.0.40219.1
Project("{FAE04EC0-301F-11D3-BF4B-00C04F79EFBC}") = "ForumAPI", "ForumAPI\ForumAPI.csproj", "{08F29C85-2C3C-488A-9962-E59B962B89D8}"
EndProject
Global
	GlobalSection(SolutionConfigurationPlatforms) = preSolution
		Debug|Any CPU = Debug|Any CPU
		Release|Any CPU = Release|Any CPU
	EndGlobalSection
	GlobalSection(ProjectConfigurationPlatforms) = postSolution
		{08F29C85-2C3C-488A-9962-E59B962B89D8}.Debug|Any CPU.ActiveCfg = Debug|Any CPU
		{08F29C85-2C3C-488A-9962-E59B962B89D8}.Debug|Any CPU.Build.0 = Debug|Any CPU
		{08F29C85-2C3C-488A-9962-E59B962B89D8}.Release|Any CPU.ActiveCfg = Release|Any CPU
		{08F29C85-2C3C-488A-9962-E59B962B89D8}.Release|Any CPU.Build.0 = Release|Any CPU
	EndGlobalSection
	GlobalSection(SolutionProperties) = preSolution
		HideSolutionNode = FALSE
	EndGlobalSection
	GlobalSection(ExtensibilityGlobals) = postSolution
		SolutionGuid = {51D39F3D-3ED0-46F3-A5EC-79D067F61CDA}
	EndGlobalSection
EndGlobal
